
Microsoft Visual Studio Solution File, Format Version 12.00
# Visual Studio Version 18
VisualStudioVersion = 18.3.11206.111 d18.3
MinimumVisualStudioVersion = 10.0.40219.1
Project("{FAE04EC0-301F-11D3-BF4B-00C04F79EFBC}") = "MemoryCacheTests", "MemoryCacheTests.csproj", "{DB7FC132-A7BB-1EA5-763C-06F1FA6C4CF6}"
EndProject
Global
	GlobalSection(SolutionConfigurationPlatforms) = preSolution
		Debug|Any CPU = Debug|Any CPU
		Release|Any CPU = Release|Any CPU
	EndGlobalSection
	GlobalSection(ProjectConfigurationPlatforms) = postSolution
		{DB7FC132-A7BB-1EA5-763C-06F1FA6C4CF6}.Debug|Any CPU.ActiveCfg = Debug|Any CPU
		{DB7FC132-A7BB-1EA5-763C-06F1FA6C4CF6}.Debug|Any CPU.Build.0 = Debug|Any CPU
		{DB7FC132-A7BB-1EA5-763C-06F1FA6C4CF6}.Release|Any CPU.ActiveCfg = Release|Any CPU
		{DB7FC132-A7BB-1EA5-763C-06F1FA6C4CF6}.Release|Any CPU.Build.0 = Release|Any CPU
	EndGlobalSection
	GlobalSection(SolutionProperties) = preSolution
		HideSolutionNode = FALSE
	EndGlobalSection
	GlobalSection(ExtensibilityGlobals) = postSolution
		SolutionGuid = {0B6ED41D-F9C4-43FC-B905-EA6C0AF1844C}
	EndGlobalSection
EndGlobal
